// !$*UTF8*$!
{
	archiveVersion = 1;
	classes = {
	};
	objectVersion = 46;
	objects = {

/* Begin PBXBuildFile section */
		566C15D71C9CD6E500A63930 /* YWVedioViewController.m in Sources */ = {isa = PBXBuildFile; fileRef = 566C15D61C9CD6E500A63930 /* YWVedioViewController.m */; };
		566C15DA1C9CE05E00A63930 /* YWNavViewController.m in Sources */ = {isa = PBXBuildFile; fileRef = 566C15D91C9CE05E00A63930 /* YWNavViewController.m */; };
		566C15DD1C9D0C2600A63930 /* YWMoreModel.m in Sources */ = {isa = PBXBuildFile; fileRef = 566C15DC1C9D0C2600A63930 /* YWMoreModel.m */; };
		566C15E01C9D3CC400A63930 /* YWMoviePlayView.m in Sources */ = {isa = PBXBuildFile; fileRef = 566C15DF1C9D3CC400A63930 /* YWMoviePlayView.m */; };
		566C15E31C9D4CC900A63930 /* YWLauchViewController.m in Sources */ = {isa = PBXBuildFile; fileRef = 566C15E21C9D4CC900A63930 /* YWLauchViewController.m */; };
		566D99601C9AAADD00608B53 /* main.m in Sources */ = {isa = PBXBuildFile; fileRef = 566D995F1C9AAADD00608B53 /* main.m */; };
		566D99631C9AAADD00608B53 /* AppDelegate.m in Sources */ = {isa = PBXBuildFile; fileRef = 566D99621C9AAADD00608B53 /* AppDelegate.m */; };
		566D99691C9AAADD00608B53 /* Main.storyboard in Resources */ = {isa = PBXBuildFile; fileRef = 566D99671C9AAADD00608B53 /* Main.storyboard */; };
		566D996B1C9AAADD00608B53 /* Assets.xcassets in Resources */ = {isa = PBXBuildFile; fileRef = 566D996A1C9AAADD00608B53 /* Assets.xcassets */; };
		566D996E1C9AAADD00608B53 /* LaunchScreen.storyboard in Resources */ = {isa = PBXBuildFile; fileRef = 566D996C1C9AAADD00608B53 /* LaunchScreen.storyboard */; };
		566D99791C9AAADD00608B53 /* AcuraCinemaTests.m in Sources */ = {isa = PBXBuildFile; fileRef = 566D99781C9AAADD00608B53 /* AcuraCinemaTests.m */; };
		566D99841C9AAADD00608B53 /* AcuraCinemaUITests.m in Sources */ = {isa = PBXBuildFile; fileRef = 566D99831C9AAADD00608B53 /* AcuraCinemaUITests.m */; };
		566D99981C9AAB5D00608B53 /* YWBaseViewController.m in Sources */ = {isa = PBXBuildFile; fileRef = 566D99971C9AAB5D00608B53 /* YWBaseViewController.m */; };
		566D999E1C9AABB800608B53 /* YWLiveViewController.m in Sources */ = {isa = PBXBuildFile; fileRef = 566D999D1C9AABB800608B53 /* YWLiveViewController.m */; };
		566D99A11C9AABEB00608B53 /* YWExpandViewController.m in Sources */ = {isa = PBXBuildFile; fileRef = 566D99A01C9AABEB00608B53 /* YWExpandViewController.m */; };
		566D99A41C9AABF900608B53 /* YWMineViewController.m in Sources */ = {isa = PBXBuildFile; fileRef = 566D99A31C9AABF900608B53 /* YWMineViewController.m */; };
		566D99AC1C9AAEE000608B53 /* YWHomeViewController.m in Sources */ = {isa = PBXBuildFile; fileRef = 566D99AB1C9AAEE000608B53 /* YWHomeViewController.m */; };
		566D99B71C9AAF7C00608B53 /* YWCollectionViewCell.m in Sources */ = {isa = PBXBuildFile; fileRef = 566D99B61C9AAF7C00608B53 /* YWCollectionViewCell.m */; };
		566D99BB1C9AB17C00608B53 /* YWBuyMemberView.m in Sources */ = {isa = PBXBuildFile; fileRef = 566D99BA1C9AB17C00608B53 /* YWBuyMemberView.m */; };
		56A507621C9B7827009FC294 /* YWMoreViewController.m in Sources */ = {isa = PBXBuildFile; fileRef = 56A507611C9B7827009FC294 /* YWMoreViewController.m */; };
		56A507651C9B79A4009FC294 /* YWExpandCollectionViewCell.m in Sources */ = {isa = PBXBuildFile; fileRef = 56A507641C9B79A4009FC294 /* YWExpandCollectionViewCell.m */; };
		56A507681C9B7A0E009FC294 /* YWLiveCollectionViewCell.m in Sources */ = {isa = PBXBuildFile; fileRef = 56A507671C9B7A0E009FC294 /* YWLiveCollectionViewCell.m */; };
		56A5076B1C9B7A61009FC294 /* YWMoreTableViewCell.m in Sources */ = {isa = PBXBuildFile; fileRef = 56A5076A1C9B7A61009FC294 /* YWMoreTableViewCell.m */; };
		56A5076F1C9B7E74009FC294 /* YWMovieModel.m in Sources */ = {isa = PBXBuildFile; fileRef = 56A5076E1C9B7E74009FC294 /* YWMovieModel.m */; };
		56A507721C9B7E80009FC294 /* YWPictureModel.m in Sources */ = {isa = PBXBuildFile; fileRef = 56A507711C9B7E80009FC294 /* YWPictureModel.m */; };
		56A507751C9B7E8F009FC294 /* YWUserModel.m in Sources */ = {isa = PBXBuildFile; fileRef = 56A507741C9B7E8F009FC294 /* YWUserModel.m */; };
		56A507781C9B7F55009FC294 /* YWLoadDataSource.m in Sources */ = {isa = PBXBuildFile; fileRef = 56A507771C9B7F55009FC294 /* YWLoadDataSource.m */; };
		56A5077B1C9B8181009FC294 /* YWMoveCategory.m in Sources */ = {isa = PBXBuildFile; fileRef = 56A5077A1C9B8181009FC294 /* YWMoveCategory.m */; };
		56A5077F1C9B91F5009FC294 /* index01.html in Resources */ = {isa = PBXBuildFile; fileRef = 56A5077E1C9B91F5009FC294 /* index01.html */; };
		56A507921C9BDD82009FC294 /* YWFirstTableViewCell.m in Sources */ = {isa = PBXBuildFile; fileRef = 56A507911C9BDD82009FC294 /* YWFirstTableViewCell.m */; };
		56A507951C9BDD8D009FC294 /* YWSecondTableViewCell.m in Sources */ = {isa = PBXBuildFile; fileRef = 56A507941C9BDD8D009FC294 /* YWSecondTableViewCell.m */; };
		56A5079E1C9BDDB5009FC294 /* YWFiveTableViewCell.m in Sources */ = {isa = PBXBuildFile; fileRef = 56A5079D1C9BDDB5009FC294 /* YWFiveTableViewCell.m */; };
		56A507A11C9BF104009FC294 /* YWMovieListViewController.m in Sources */ = {isa = PBXBuildFile; fileRef = 56A507A01C9BF104009FC294 /* YWMovieListViewController.m */; };
		56A507A41C9BF184009FC294 /* YWMovieListTableViewCell.m in Sources */ = {isa = PBXBuildFile; fileRef = 56A507A31C9BF184009FC294 /* YWMovieListTableViewCell.m */; };
		77AD6E8F1C9C68F700D12520 /* 主播IMG_2453.PNG in Resources */ = {isa = PBXBuildFile; fileRef = 77AD6E711C9C68F700D12520 /* 主播IMG_2453.PNG */; };
		77AD6E901C9C68F700D12520 /* 主播IMG_2454.PNG in Resources */ = {isa = PBXBuildFile; fileRef = 77AD6E721C9C68F700D12520 /* 主播IMG_2454.PNG */; };
		77AD6E911C9C68F700D12520 /* 主播IMG_2456.PNG in Resources */ = {isa = PBXBuildFile; fileRef = 77AD6E731C9C68F700D12520 /* 主播IMG_2456.PNG */; };
		77AD6E921C9C68F700D12520 /* 主播IMG_2457.PNG in Resources */ = {isa = PBXBuildFile; fileRef = 77AD6E741C9C68F700D12520 /* 主播IMG_2457.PNG */; };
		77AD6E931C9C68F700D12520 /* 主播IMG_2458.PNG in Resources */ = {isa = PBXBuildFile; fileRef = 77AD6E751C9C68F700D12520 /* 主播IMG_2458.PNG */; };
		77AD6E941C9C68F700D12520 /* 主播IMG_2459.PNG in Resources */ = {isa = PBXBuildFile; fileRef = 77AD6E761C9C68F700D12520 /* 主播IMG_2459.PNG */; };
		77AD6E951C9C68F700D12520 /* 主播IMG_2460.PNG in Resources */ = {isa = PBXBuildFile; fileRef = 77AD6E771C9C68F700D12520 /* 主播IMG_2460.PNG */; };
		77AD6E961C9C68F700D12520 /* 主播IMG_2461.PNG in Resources */ = {isa = PBXBuildFile; fileRef = 77AD6E781C9C68F700D12520 /* 主播IMG_2461.PNG */; };
		77AD6E971C9C68F700D12520 /* 主播IMG_2462.PNG in Resources */ = {isa = PBXBuildFile; fileRef = 77AD6E791C9C68F700D12520 /* 主播IMG_2462.PNG */; };
		77AD6E981C9C68F700D12520 /* 主播IMG_2463.PNG in Resources */ = {isa = PBXBuildFile; fileRef = 77AD6E7A1C9C68F700D12520 /* 主播IMG_2463.PNG */; };
		77AD6E991C9C68F700D12520 /* 主播IMG_2464.PNG in Resources */ = {isa = PBXBuildFile; fileRef = 77AD6E7B1C9C68F700D12520 /* 主播IMG_2464.PNG */; };
		77AD6E9A1C9C68F700D12520 /* 主播IMG_2465.PNG in Resources */ = {isa = PBXBuildFile; fileRef = 77AD6E7C1C9C68F700D12520 /* 主播IMG_2465.PNG */; };
		77AD6E9B1C9C68F700D12520 /* 主播IMG_2466.PNG in Resources */ = {isa = PBXBuildFile; fileRef = 77AD6E7D1C9C68F700D12520 /* 主播IMG_2466.PNG */; };
		77AD6E9C1C9C68F700D12520 /* 主播IMG_2467.PNG in Resources */ = {isa = PBXBuildFile; fileRef = 77AD6E7E1C9C68F700D12520 /* 主播IMG_2467.PNG */; };
		77AD6E9D1C9C68F700D12520 /* 主播IMG_2469.PNG in Resources */ = {isa = PBXBuildFile; fileRef = 77AD6E7F1C9C68F700D12520 /* 主播IMG_2469.PNG */; };
		77AD6E9E1C9C68F700D12520 /* 主播IMG_2470.PNG in Resources */ = {isa = PBXBuildFile; fileRef = 77AD6E801C9C68F700D12520 /* 主播IMG_2470.PNG */; };
		77AD6E9F1C9C68F700D12520 /* 主播IMG_2471.PNG in Resources */ = {isa = PBXBuildFile; fileRef = 77AD6E811C9C68F700D12520 /* 主播IMG_2471.PNG */; };
		77AD6EA01C9C68F700D12520 /* 主播IMG_2472.PNG in Resources */ = {isa = PBXBuildFile; fileRef = 77AD6E821C9C68F700D12520 /* 主播IMG_2472.PNG */; };
		77AD6EA11C9C68F700D12520 /* 主播IMG_2473.PNG in Resources */ = {isa = PBXBuildFile; fileRef = 77AD6E831C9C68F700D12520 /* 主播IMG_2473.PNG */; };
		77AD6EA21C9C68F700D12520 /* 主播IMG_2474.PNG in Resources */ = {isa = PBXBuildFile; fileRef = 77AD6E841C9C68F700D12520 /* 主播IMG_2474.PNG */; };
		77AD6EA31C9C68F700D12520 /* 主播IMG_2475.PNG in Resources */ = {isa = PBXBuildFile; fileRef = 77AD6E851C9C68F700D12520 /* 主播IMG_2475.PNG */; };
		77AD6EA41C9C68F700D12520 /* 主播IMG_2476.PNG in Resources */ = {isa = PBXBuildFile; fileRef = 77AD6E861C9C68F700D12520 /* 主播IMG_2476.PNG */; };
		77AD6EA51C9C68F700D12520 /* 主播IMG_2477.PNG in Resources */ = {isa = PBXBuildFile; fileRef = 77AD6E871C9C68F700D12520 /* 主播IMG_2477.PNG */; };
		77AD6EA61C9C68F700D12520 /* 主播IMG_2478.PNG in Resources */ = {isa = PBXBuildFile; fileRef = 77AD6E881C9C68F700D12520 /* 主播IMG_2478.PNG */; };
		77AD6EA71C9C68F700D12520 /* 主播IMG_2479.PNG in Resources */ = {isa = PBXBuildFile; fileRef = 77AD6E891C9C68F700D12520 /* 主播IMG_2479.PNG */; };
		77AD6EA81C9C68F700D12520 /* 主播IMG_2480.PNG in Resources */ = {isa = PBXBuildFile; fileRef = 77AD6E8A1C9C68F700D12520 /* 主播IMG_2480.PNG */; };
		77AD6EA91C9C68F700D12520 /* 主播IMG_2481.PNG in Resources */ = {isa = PBXBuildFile; fileRef = 77AD6E8B1C9C68F700D12520 /* 主播IMG_2481.PNG */; };
		77AD6EAA1C9C68F700D12520 /* 主播IMG_2482.PNG in Resources */ = {isa = PBXBuildFile; fileRef = 77AD6E8C1C9C68F700D12520 /* 主播IMG_2482.PNG */; };
		77AD6EAB1C9C68F700D12520 /* 主播IMG_2483.PNG in Resources */ = {isa = PBXBuildFile; fileRef = 77AD6E8D1C9C68F700D12520 /* 主播IMG_2483.PNG */; };
		77AD6EAC1C9C68F700D12520 /* 主播IMG_2484.PNG in Resources */ = {isa = PBXBuildFile; fileRef = 77AD6E8E1C9C68F700D12520 /* 主播IMG_2484.PNG */; };
		77AD6EAE1C9C691200D12520 /* video.mp4 in Resources */ = {isa = PBXBuildFile; fileRef = 77AD6EAD1C9C691200D12520 /* video.mp4 */; };
		BB3AC72C7F3D035FA4052B3E /* libPods.a in Frameworks */ = {isa = PBXBuildFile; fileRef = 33E181D0105B7B534F96B6B3 /* libPods.a */; };
/* End PBXBuildFile section */

/* Begin PBXContainerItemProxy section */
		566D99751C9AAADD00608B53 /* PBXContainerItemProxy */ = {
			isa = PBXContainerItemProxy;
			containerPortal = 566D99531C9AAADD00608B53 /* Project object */;
			proxyType = 1;
			remoteGlobalIDString = 566D995A1C9AAADD00608B53;
			remoteInfo = AcuraCinema;
		};
		566D99801C9AAADD00608B53 /* PBXContainerItemProxy */ = {
			isa = PBXContainerItemProxy;
			containerPortal = 566D99531C9AAADD00608B53 /* Project object */;
			proxyType = 1;
			remoteGlobalIDString = 566D995A1C9AAADD00608B53;
			remoteInfo = AcuraCinema;
		};
/* End PBXContainerItemProxy section */

/* Begin PBXFileReference section */
		33E181D0105B7B534F96B6B3 /* libPods.a */ = {isa = PBXFileReference; explicitFileType = archive.ar; includeInIndex = 0; path = libPods.a; sourceTree = BUILT_PRODUCTS_DIR; };
		566C15D51C9CD6E500A63930 /* YWVedioViewController.h */ = {isa = PBXFileReference; fileEncoding = 4; lastKnownFileType = sourcecode.c.h; path = YWVedioViewController.h; sourceTree = "<group>"; };
		566C15D61C9CD6E500A63930 /* YWVedioViewController.m */ = {isa = PBXFileReference; fileEncoding = 4; lastKnownFileType = sourcecode.c.objc; path = YWVedioViewController.m; sourceTree = "<group>"; };
		566C15D81C9CE05E00A63930 /* YWNavViewController.h */ = {isa = PBXFileReference; fileEncoding = 4; lastKnownFileType = sourcecode.c.h; path = YWNavViewController.h; sourceTree = "<group>"; };
		566C15D91C9CE05E00A63930 /* YWNavViewController.m */ = {isa = PBXFileReference; fileEncoding = 4; lastKnownFileType = sourcecode.c.objc; path = YWNavViewController.m; sourceTree = "<group>"; };
		566C15DB1C9D0C2600A63930 /* YWMoreModel.h */ = {isa = PBXFileReference; fileEncoding = 4; lastKnownFileType = sourcecode.c.h; path = YWMoreModel.h; sourceTree = "<group>"; };
		566C15DC1C9D0C2600A63930 /* YWMoreModel.m */ = {isa = PBXFileReference; fileEncoding = 4; lastKnownFileType = sourcecode.c.objc; path = YWMoreModel.m; sourceTree = "<group>"; };
		566C15DE1C9D3CC400A63930 /* YWMoviePlayView.h */ = {isa = PBXFileReference; fileEncoding = 4; lastKnownFileType = sourcecode.c.h; path = YWMoviePlayView.h; sourceTree = "<group>"; };
		566C15DF1C9D3CC400A63930 /* YWMoviePlayView.m */ = {isa = PBXFileReference; fileEncoding = 4; lastKnownFileType = sourcecode.c.objc; path = YWMoviePlayView.m; sourceTree = "<group>"; };
		566C15E11C9D4CC900A63930 /* YWLauchViewController.h */ = {isa = PBXFileReference; fileEncoding = 4; lastKnownFileType = sourcecode.c.h; path = YWLauchViewController.h; sourceTree = "<group>"; };
		566C15E21C9D4CC900A63930 /* YWLauchViewController.m */ = {isa = PBXFileReference; fileEncoding = 4; lastKnownFileType = sourcecode.c.objc; path = YWLauchViewController.m; sourceTree = "<group>"; };
		566D995B1C9AAADD00608B53 /* AcuraCinema.app */ = {isa = PBXFileReference; explicitFileType = wrapper.application; includeInIndex = 0; path = AcuraCinema.app; sourceTree = BUILT_PRODUCTS_DIR; };
		566D995F1C9AAADD00608B53 /* main.m */ = {isa = PBXFileReference; lastKnownFileType = sourcecode.c.objc; path = main.m; sourceTree = "<group>"; };
		566D99611C9AAADD00608B53 /* AppDelegate.h */ = {isa = PBXFileReference; lastKnownFileType = sourcecode.c.h; path = AppDelegate.h; sourceTree = "<group>"; };
		566D99621C9AAADD00608B53 /* AppDelegate.m */ = {isa = PBXFileReference; lastKnownFileType = sourcecode.c.objc; path = AppDelegate.m; sourceTree = "<group>"; };
		566D99681C9AAADD00608B53 /* Base */ = {isa = PBXFileReference; lastKnownFileType = file.storyboard; name = Base; path = Base.lproj/Main.storyboard; sourceTree = "<group>"; };
		566D996A1C9AAADD00608B53 /* Assets.xcassets */ = {isa = PBXFileReference; lastKnownFileType = folder.assetcatalog; path = Assets.xcassets; sourceTree = "<group>"; };
		566D996D1C9AAADD00608B53 /* Base */ = {isa = PBXFileReference; lastKnownFileType = file.storyboard; name = Base; path = Base.lproj/LaunchScreen.storyboard; sourceTree = "<group>"; };
		566D996F1C9AAADD00608B53 /* Info.plist */ = {isa = PBXFileReference; lastKnownFileType = text.plist.xml; path = Info.plist; sourceTree = "<group>"; };
		566D99741C9AAADD00608B53 /* AcuraCinemaTests.xctest */ = {isa = PBXFileReference; explicitFileType = wrapper.cfbundle; includeInIndex = 0; path = AcuraCinemaTests.xctest; sourceTree = BUILT_PRODUCTS_DIR; };
		566D99781C9AAADD00608B53 /* AcuraCinemaTests.m */ = {isa = PBXFileReference; lastKnownFileType = sourcecode.c.objc; path = AcuraCinemaTests.m; sourceTree = "<group>"; };
		566D997A1C9AAADD00608B53 /* Info.plist */ = {isa = PBXFileReference; lastKnownFileType = text.plist.xml; path = Info.plist; sourceTree = "<group>"; };
		566D997F1C9AAADD00608B53 /* AcuraCinemaUITests.xctest */ = {isa = PBXFileReference; explicitFileType = wrapper.cfbundle; includeInIndex = 0; path = AcuraCinemaUITests.xctest; sourceTree = BUILT_PRODUCTS_DIR; };
		566D99831C9AAADD00608B53 /* AcuraCinemaUITests.m */ = {isa = PBXFileReference; lastKnownFileType = sourcecode.c.objc; path = AcuraCinemaUITests.m; sourceTree = "<group>"; };
		566D99851C9AAADD00608B53 /* Info.plist */ = {isa = PBXFileReference; lastKnownFileType = text.plist.xml; path = Info.plist; sourceTree = "<group>"; };
		566D99961C9AAB5D00608B53 /* YWBaseViewController.h */ = {isa = PBXFileReference; fileEncoding = 4; lastKnownFileType = sourcecode.c.h; path = YWBaseViewController.h; sourceTree = "<group>"; };
		566D99971C9AAB5D00608B53 /* YWBaseViewController.m */ = {isa = PBXFileReference; fileEncoding = 4; lastKnownFileType = sourcecode.c.objc; path = YWBaseViewController.m; sourceTree = "<group>"; };
		566D999C1C9AABB800608B53 /* YWLiveViewController.h */ = {isa = PBXFileReference; fileEncoding = 4; lastKnownFileType = sourcecode.c.h; path = YWLiveViewController.h; sourceTree = "<group>"; };
		566D999D1C9AABB800608B53 /* YWLiveViewController.m */ = {isa = PBXFileReference; fileEncoding = 4; lastKnownFileType = sourcecode.c.objc; path = YWLiveViewController.m; sourceTree = "<group>"; };
		566D999F1C9AABEB00608B53 /* YWExpandViewController.h */ = {isa = PBXFileReference; fileEncoding = 4; lastKnownFileType = sourcecode.c.h; path = YWExpandViewController.h; sourceTree = "<group>"; };
		566D99A01C9AABEB00608B53 /* YWExpandViewController.m */ = {isa = PBXFileReference; fileEncoding = 4; lastKnownFileType = sourcecode.c.objc; path = YWExpandViewController.m; sourceTree = "<group>"; };
		566D99A21C9AABF900608B53 /* YWMineViewController.h */ = {isa = PBXFileReference; fileEncoding = 4; lastKnownFileType = sourcecode.c.h; path = YWMineViewController.h; sourceTree = "<group>"; };
		566D99A31C9AABF900608B53 /* YWMineViewController.m */ = {isa = PBXFileReference; fileEncoding = 4; lastKnownFileType = sourcecode.c.objc; path = YWMineViewController.m; sourceTree = "<group>"; };
		566D99AA1C9AAEE000608B53 /* YWHomeViewController.h */ = {isa = PBXFileReference; fileEncoding = 4; lastKnownFileType = sourcecode.c.h; path = YWHomeViewController.h; sourceTree = "<group>"; };
		566D99AB1C9AAEE000608B53 /* YWHomeViewController.m */ = {isa = PBXFileReference; fileEncoding = 4; lastKnownFileType = sourcecode.c.objc; path = YWHomeViewController.m; sourceTree = "<group>"; };
		566D99B51C9AAF7C00608B53 /* YWCollectionViewCell.h */ = {isa = PBXFileReference; fileEncoding = 4; lastKnownFileType = sourcecode.c.h; path = YWCollectionViewCell.h; sourceTree = "<group>"; };
		566D99B61C9AAF7C00608B53 /* YWCollectionViewCell.m */ = {isa = PBXFileReference; fileEncoding = 4; lastKnownFileType = sourcecode.c.objc; path = YWCollectionViewCell.m; sourceTree = "<group>"; };
		566D99B91C9AB17C00608B53 /* YWBuyMemberView.h */ = {isa = PBXFileReference; fileEncoding = 4; lastKnownFileType = sourcecode.c.h; path = YWBuyMemberView.h; sourceTree = "<group>"; };
		566D99BA1C9AB17C00608B53 /* YWBuyMemberView.m */ = {isa = PBXFileReference; fileEncoding = 4; lastKnownFileType = sourcecode.c.objc; path = YWBuyMemberView.m; sourceTree = "<group>"; };
		566D99BC1C9AB3F000608B53 /* Header.h */ = {isa = PBXFileReference; lastKnownFileType = sourcecode.c.h; path = Header.h; sourceTree = "<group>"; };
		566D99BD1C9AB46800608B53 /* PrefixHeader.pch */ = {isa = PBXFileReference; lastKnownFileType = sourcecode.c.h; path = PrefixHeader.pch; sourceTree = "<group>"; };
		56A507601C9B7827009FC294 /* YWMoreViewController.h */ = {isa = PBXFileReference; fileEncoding = 4; lastKnownFileType = sourcecode.c.h; path = YWMoreViewController.h; sourceTree = "<group>"; };
		56A507611C9B7827009FC294 /* YWMoreViewController.m */ = {isa = PBXFileReference; fileEncoding = 4; lastKnownFileType = sourcecode.c.objc; path = YWMoreViewController.m; sourceTree = "<group>"; };
		56A507631C9B79A4009FC294 /* YWExpandCollectionViewCell.h */ = {isa = PBXFileReference; fileEncoding = 4; lastKnownFileType = sourcecode.c.h; path = YWExpandCollectionViewCell.h; sourceTree = "<group>"; };
		56A507641C9B79A4009FC294 /* YWExpandCollectionViewCell.m */ = {isa = PBXFileReference; fileEncoding = 4; lastKnownFileType = sourcecode.c.objc; path = YWExpandCollectionViewCell.m; sourceTree = "<group>"; };
		56A507661C9B7A0E009FC294 /* YWLiveCollectionViewCell.h */ = {isa = PBXFileReference; fileEncoding = 4; lastKnownFileType = sourcecode.c.h; path = YWLiveCollectionViewCell.h; sourceTree = "<group>"; };
		56A507671C9B7A0E009FC294 /* YWLiveCollectionViewCell.m */ = {isa = PBXFileReference; fileEncoding = 4; lastKnownFileType = sourcecode.c.objc; path = YWLiveCollectionViewCell.m; sourceTree = "<group>"; };
		56A507691C9B7A61009FC294 /* YWMoreTableViewCell.h */ = {isa = PBXFileReference; fileEncoding = 4; lastKnownFileType = sourcecode.c.h; path = YWMoreTableViewCell.h; sourceTree = "<group>"; };
		56A5076A1C9B7A61009FC294 /* YWMoreTableViewCell.m */ = {isa = PBXFileReference; fileEncoding = 4; lastKnownFileType = sourcecode.c.objc; path = YWMoreTableViewCell.m; sourceTree = "<group>"; };
		56A5076D1C9B7E74009FC294 /* YWMovieModel.h */ = {isa = PBXFileReference; fileEncoding = 4; lastKnownFileType = sourcecode.c.h; path = YWMovieModel.h; sourceTree = "<group>"; };
		56A5076E1C9B7E74009FC294 /* YWMovieModel.m */ = {isa = PBXFileReference; fileEncoding = 4; lastKnownFileType = sourcecode.c.objc; path = YWMovieModel.m; sourceTree = "<group>"; };
		56A507701C9B7E80009FC294 /* YWPictureModel.h */ = {isa = PBXFileReference; fileEncoding = 4; lastKnownFileType = sourcecode.c.h; path = YWPictureModel.h; sourceTree = "<group>"; };
		56A507711C9B7E80009FC294 /* YWPictureModel.m */ = {isa = PBXFileReference; fileEncoding = 4; lastKnownFileType = sourcecode.c.objc; path = YWPictureModel.m; sourceTree = "<group>"; };
		56A507731C9B7E8F009FC294 /* YWUserModel.h */ = {isa = PBXFileReference; fileEncoding = 4; lastKnownFileType = sourcecode.c.h; path = YWUserModel.h; sourceTree = "<group>"; };
		56A507741C9B7E8F009FC294 /* YWUserModel.m */ = {isa = PBXFileReference; fileEncoding = 4; lastKnownFileType = sourcecode.c.objc; path = YWUserModel.m; sourceTree = "<group>"; };
		56A507761C9B7F55009FC294 /* YWLoadDataSource.h */ = {isa = PBXFileReference; fileEncoding = 4; lastKnownFileType = sourcecode.c.h; path = YWLoadDataSource.h; sourceTree = "<group>"; };
		56A507771C9B7F55009FC294 /* YWLoadDataSource.m */ = {isa = PBXFileReference; fileEncoding = 4; lastKnownFileType = sourcecode.c.objc; path = YWLoadDataSource.m; sourceTree = "<group>"; };
		56A507791C9B8181009FC294 /* YWMoveCategory.h */ = {isa = PBXFileReference; fileEncoding = 4; lastKnownFileType = sourcecode.c.h; path = YWMoveCategory.h; sourceTree = "<group>"; };
		56A5077A1C9B8181009FC294 /* YWMoveCategory.m */ = {isa = PBXFileReference; fileEncoding = 4; lastKnownFileType = sourcecode.c.objc; path = YWMoveCategory.m; sourceTree = "<group>"; };
		56A5077E1C9B91F5009FC294 /* index01.html */ = {isa = PBXFileReference; fileEncoding = 4; lastKnownFileType = text.html; path = index01.html; sourceTree = "<group>"; };
		56A507901C9BDD82009FC294 /* YWFirstTableViewCell.h */ = {isa = PBXFileReference; fileEncoding = 4; lastKnownFileType = sourcecode.c.h; path = YWFirstTableViewCell.h; sourceTree = "<group>"; };
		56A507911C9BDD82009FC294 /* YWFirstTableViewCell.m */ = {isa = PBXFileReference; fileEncoding = 4; lastKnownFileType = sourcecode.c.objc; path = YWFirstTableViewCell.m; sourceTree = "<group>"; };
		56A507931C9BDD8D009FC294 /* YWSecondTableViewCell.h */ = {isa = PBXFileReference; fileEncoding = 4; lastKnownFileType = sourcecode.c.h; path = YWSecondTableViewCell.h; sourceTree = "<group>"; };
		56A507941C9BDD8D009FC294 /* YWSecondTableViewCell.m */ = {isa = PBXFileReference; fileEncoding = 4; lastKnownFileType = sourcecode.c.objc; path = YWSecondTableViewCell.m; sourceTree = "<group>"; };
		56A5079C1C9BDDB5009FC294 /* YWFiveTableViewCell.h */ = {isa = PBXFileReference; fileEncoding = 4; lastKnownFileType = sourcecode.c.h; path = YWFiveTableViewCell.h; sourceTree = "<group>"; };
		56A5079D1C9BDDB5009FC294 /* YWFiveTableViewCell.m */ = {isa = PBXFileReference; fileEncoding = 4; lastKnownFileType = sourcecode.c.objc; path = YWFiveTableViewCell.m; sourceTree = "<group>"; };
		56A5079F1C9BF104009FC294 /* YWMovieListViewController.h */ = {isa = PBXFileReference; fileEncoding = 4; lastKnownFileType = sourcecode.c.h; path = YWMovieListViewController.h; sourceTree = "<group>"; };
		56A507A01C9BF104009FC294 /* YWMovieListViewController.m */ = {isa = PBXFileReference; fileEncoding = 4; lastKnownFileType = sourcecode.c.objc; path = YWMovieListViewController.m; sourceTree = "<group>"; };
		56A507A21C9BF184009FC294 /* YWMovieListTableViewCell.h */ = {isa = PBXFileReference; fileEncoding = 4; lastKnownFileType = sourcecode.c.h; path = YWMovieListTableViewCell.h; sourceTree = "<group>"; };
		56A507A31C9BF184009FC294 /* YWMovieListTableViewCell.m */ = {isa = PBXFileReference; fileEncoding = 4; lastKnownFileType = sourcecode.c.objc; path = YWMovieListTableViewCell.m; sourceTree = "<group>"; };
		77AD6E711C9C68F700D12520 /* 主播IMG_2453.PNG */ = {isa = PBXFileReference; lastKnownFileType = image.png; path = "主播IMG_2453.PNG"; sourceTree = "<group>"; };
		77AD6E721C9C68F700D12520 /* 主播IMG_2454.PNG */ = {isa = PBXFileReference; lastKnownFileType = image.png; path = "主播IMG_2454.PNG"; sourceTree = "<group>"; };
		77AD6E731C9C68F700D12520 /* 主播IMG_2456.PNG */ = {isa = PBXFileReference; lastKnownFileType = image.png; path = "主播IMG_2456.PNG"; sourceTree = "<group>"; };
		77AD6E741C9C68F700D12520 /* 主播IMG_2457.PNG */ = {isa = PBXFileReference; lastKnownFileType = image.png; path = "主播IMG_2457.PNG"; sourceTree = "<group>"; };
		77AD6E751C9C68F700D12520 /* 主播IMG_2458.PNG */ = {isa = PBXFileReference; lastKnownFileType = image.png; path = "主播IMG_2458.PNG"; sourceTree = "<group>"; };
		77AD6E761C9C68F700D12520 /* 主播IMG_2459.PNG */ = {isa = PBXFileReference; lastKnownFileType = image.png; path = "主播IMG_2459.PNG"; sourceTree = "<group>"; };
		77AD6E771C9C68F700D12520 /* 主播IMG_2460.PNG */ = {isa = PBXFileReference; lastKnownFileType = image.png; path = "主播IMG_2460.PNG"; sourceTree = "<group>"; };
		77AD6E781C9C68F700D12520 /* 主播IMG_2461.PNG */ = {isa = PBXFileReference; lastKnownFileType = image.png; path = "主播IMG_2461.PNG"; sourceTree = "<group>"; };
		77AD6E791C9C68F700D12520 /* 主播IMG_2462.PNG */ = {isa = PBXFileReference; lastKnownFileType = image.png; path = "主播IMG_2462.PNG"; sourceTree = "<group>"; };
		77AD6E7A1C9C68F700D12520 /* 主播IMG_2463.PNG */ = {isa = PBXFileReference; lastKnownFileType = image.png; path = "主播IMG_2463.PNG"; sourceTree = "<group>"; };
		77AD6E7B1C9C68F700D12520 /* 主播IMG_2464.PNG */ = {isa = PBXFileReference; lastKnownFileType = image.png; path = "主播IMG_2464.PNG"; sourceTree = "<group>"; };
		77AD6E7C1C9C68F700D12520 /* 主播IMG_2465.PNG */ = {isa = PBXFileReference; lastKnownFileType = image.png; path = "主播IMG_2465.PNG"; sourceTree = "<group>"; };
		77AD6E7D1C9C68F700D12520 /* 主播IMG_2466.PNG */ = {isa = PBXFileReference; lastKnownFileType = image.png; path = "主播IMG_2466.PNG"; sourceTree = "<group>"; };
		77AD6E7E1C9C68F700D12520 /* 主播IMG_2467.PNG */ = {isa = PBXFileReference; lastKnownFileType = image.png; path = "主播IMG_2467.PNG"; sourceTree = "<group>"; };
		77AD6E7F1C9C68F700D12520 /* 主播IMG_2469.PNG */ = {isa = PBXFileReference; lastKnownFileType = image.png; path = "主播IMG_2469.PNG"; sourceTree = "<group>"; };
		77AD6E801C9C68F700D12520 /* 主播IMG_2470.PNG */ = {isa = PBXFileReference; lastKnownFileType = image.png; path = "主播IMG_2470.PNG"; sourceTree = "<group>"; };
		77AD6E811C9C68F700D12520 /* 主播IMG_2471.PNG */ = {isa = PBXFileReference; lastKnownFileType = image.png; path = "主播IMG_2471.PNG"; sourceTree = "<group>"; };
		77AD6E821C9C68F700D12520 /* 主播IMG_2472.PNG */ = {isa = PBXFileReference; lastKnownFileType = image.png; path = "主播IMG_2472.PNG"; sourceTree = "<group>"; };
		77AD6E831C9C68F700D12520 /* 主播IMG_2473.PNG */ = {isa = PBXFileReference; lastKnownFileType = image.png; path = "主播IMG_2473.PNG"; sourceTree = "<group>"; };
		77AD6E841C9C68F700D12520 /* 主播IMG_2474.PNG */ = {isa = PBXFileReference; lastKnownFileType = image.png; path = "主播IMG_2474.PNG"; sourceTree = "<group>"; };
		77AD6E851C9C68F700D12520 /* 主播IMG_2475.PNG */ = {isa = PBXFileReference; lastKnownFileType = image.png; path = "主播IMG_2475.PNG"; sourceTree = "<group>"; };
		77AD6E861C9C68F700D12520 /* 主播IMG_2476.PNG */ = {isa = PBXFileReference; lastKnownFileType = image.png; path = "主播IMG_2476.PNG"; sourceTree = "<group>"; };
		77AD6E871C9C68F700D12520 /* 主播IMG_2477.PNG */ = {isa = PBXFileReference; lastKnownFileType = image.png; path = "主播IMG_2477.PNG"; sourceTree = "<group>"; };
		77AD6E881C9C68F700D12520 /* 主播IMG_2478.PNG */ = {isa = PBXFileReference; lastKnownFileType = image.png; path = "主播IMG_2478.PNG"; sourceTree = "<group>"; };
		77AD6E891C9C68F700D12520 /* 主播IMG_2479.PNG */ = {isa = PBXFileReference; lastKnownFileType = image.png; path = "主播IMG_2479.PNG"; sourceTree = "<group>"; };
		77AD6E8A1C9C68F700D12520 /* 主播IMG_2480.PNG */ = {isa = PBXFileReference; lastKnownFileType = image.png; path = "主播IMG_2480.PNG"; sourceTree = "<group>"; };
		77AD6E8B1C9C68F700D12520 /* 主播IMG_2481.PNG */ = {isa = PBXFileReference; lastKnownFileType = image.png; path = "主播IMG_2481.PNG"; sourceTree = "<group>"; };
		77AD6E8C1C9C68F700D12520 /* 主播IMG_2482.PNG */ = {isa = PBXFileReference; lastKnownFileType = image.png; path = "主播IMG_2482.PNG"; sourceTree = "<group>"; };
		77AD6E8D1C9C68F700D12520 /* 主播IMG_2483.PNG */ = {isa = PBXFileReference; lastKnownFileType = image.png; path = "主播IMG_2483.PNG"; sourceTree = "<group>"; };
		77AD6E8E1C9C68F700D12520 /* 主播IMG_2484.PNG */ = {isa = PBXFileReference; lastKnownFileType = image.png; path = "主播IMG_2484.PNG"; sourceTree = "<group>"; };
		77AD6EAD1C9C691200D12520 /* video.mp4 */ = {isa = PBXFileReference; lastKnownFileType = file; path = video.mp4; sourceTree = "<group>"; };
		AB3BFBC63EF4996A89A4D5E3 /* Pods.debug.xcconfig */ = {isa = PBXFileReference; includeInIndex = 1; lastKnownFileType = text.xcconfig; name = Pods.debug.xcconfig; path = "Pods/Target Support Files/Pods/Pods.debug.xcconfig"; sourceTree = "<group>"; };
		CD74AF5347F895A7D2E32BFF /* Pods.release.xcconfig */ = {isa = PBXFileReference; includeInIndex = 1; lastKnownFileType = text.xcconfig; name = Pods.release.xcconfig; path = "Pods/Target Support Files/Pods/Pods.release.xcconfig"; sourceTree = "<group>"; };
/* End PBXFileReference section */

/* Begin PBXFrameworksBuildPhase section */
		566D99581C9AAADD00608B53 /* Frameworks */ = {
			isa = PBXFrameworksBuildPhase;
			buildActionMask = 2147483647;
			files = (
				BB3AC72C7F3D035FA4052B3E /* libPods.a in Frameworks */,
			);
			runOnlyForDeploymentPostprocessing = 0;
		};
		566D99711C9AAADD00608B53 /* Frameworks */ = {
			isa = PBXFrameworksBuildPhase;
			buildActionMask = 2147483647;
			files = (
			);
			runOnlyForDeploymentPostprocessing = 0;
		};
		566D997C1C9AAADD00608B53 /* Frameworks */ = {
			isa = PBXFrameworksBuildPhase;
			buildActionMask = 2147483647;
			files = (
			);
			runOnlyForDeploymentPostprocessing = 0;
		};
/* End PBXFrameworksBuildPhase section */

/* Begin PBXGroup section */
		5400CB01385486D78B394BFD /* Frameworks */ = {
			isa = PBXGroup;
			children = (
				33E181D0105B7B534F96B6B3 /* libPods.a */,
			);
			name = Frameworks;
			sourceTree = "<group>";
		};
		566D99521C9AAADD00608B53 = {
			isa = PBXGroup;
			children = (
				566D995D1C9AAADD00608B53 /* AcuraCinema */,
				566D99771C9AAADD00608B53 /* AcuraCinemaTests */,
				566D99821C9AAADD00608B53 /* AcuraCinemaUITests */,
				566D995C1C9AAADD00608B53 /* Products */,
				EA50E6EB8D98D178C4CD9FC7 /* Pods */,
				5400CB01385486D78B394BFD /* Frameworks */,
			);
			sourceTree = "<group>";
		};
		566D995C1C9AAADD00608B53 /* Products */ = {
			isa = PBXGroup;
			children = (
				566D995B1C9AAADD00608B53 /* AcuraCinema.app */,
				566D99741C9AAADD00608B53 /* AcuraCinemaTests.xctest */,
				566D997F1C9AAADD00608B53 /* AcuraCinemaUITests.xctest */,
			);
			name = Products;
			sourceTree = "<group>";
		};
		566D995D1C9AAADD00608B53 /* AcuraCinema */ = {
			isa = PBXGroup;
			children = (
				77AD6EAD1C9C691200D12520 /* video.mp4 */,
				77AD6E701C9C68F700D12520 /* 主播 */,
				56A5077E1C9B91F5009FC294 /* index01.html */,
				566D99B81C9AB15E00608B53 /* common */,
				566D99B41C9AAF5600608B53 /* super */,
				566D99A91C9AAEC800608B53 /* 优播 */,
				566D99941C9AAB0100608B53 /* 主播 */,
				566D99931C9AAAFF00608B53 /* 频道 */,
				566D99921C9AAAFD00608B53 /* 更多 */,
				566D99911C9AAAF300608B53 /* 会员 */,
				566D99611C9AAADD00608B53 /* AppDelegate.h */,
				566D99621C9AAADD00608B53 /* AppDelegate.m */,
				566C15E11C9D4CC900A63930 /* YWLauchViewController.h */,
				566C15E21C9D4CC900A63930 /* YWLauchViewController.m */,
				566D99BC1C9AB3F000608B53 /* Header.h */,
				566D99BD1C9AB46800608B53 /* PrefixHeader.pch */,
				566D99671C9AAADD00608B53 /* Main.storyboard */,
				566D996A1C9AAADD00608B53 /* Assets.xcassets */,
				566D996C1C9AAADD00608B53 /* LaunchScreen.storyboard */,
				566D996F1C9AAADD00608B53 /* Info.plist */,
				566D995E1C9AAADD00608B53 /* Supporting Files */,
			);
			path = AcuraCinema;
			sourceTree = "<group>";
		};
		566D995E1C9AAADD00608B53 /* Supporting Files */ = {
			isa = PBXGroup;
			children = (
				566D995F1C9AAADD00608B53 /* main.m */,
			);
			name = "Supporting Files";
			sourceTree = "<group>";
		};
		566D99771C9AAADD00608B53 /* AcuraCinemaTests */ = {
			isa = PBXGroup;
			children = (
				566D99781C9AAADD00608B53 /* AcuraCinemaTests.m */,
				566D997A1C9AAADD00608B53 /* Info.plist */,
			);
			path = AcuraCinemaTests;
			sourceTree = "<group>";
		};
		566D99821C9AAADD00608B53 /* AcuraCinemaUITests */ = {
			isa = PBXGroup;
			children = (
				566D99831C9AAADD00608B53 /* AcuraCinemaUITests.m */,
				566D99851C9AAADD00608B53 /* Info.plist */,
			);
			path = AcuraCinemaUITests;
			sourceTree = "<group>";
		};
		566D99911C9AAAF300608B53 /* 会员 */ = {
			isa = PBXGroup;
			children = (
				566D99A81C9AAEAB00608B53 /* vc */,
				566D99B11C9AAF0400608B53 /* v */,
			);
			name = "会员";
			sourceTree = "<group>";
		};
		566D99921C9AAAFD00608B53 /* 更多 */ = {
			isa = PBXGroup;
			children = (
				566D99B31C9AAF1100608B53 /* vc */,
				566D99B21C9AAF0C00608B53 /* v */,
			);
			name = "更多";
			sourceTree = "<group>";
		};
		566D99931C9AAAFF00608B53 /* 频道 */ = {
			isa = PBXGroup;
			children = (
				566D99A71C9AAEA500608B53 /* vc */,
				566D99B01C9AAEFD00608B53 /* v */,
			);
			name = "频道";
			sourceTree = "<group>";
		};
		566D99941C9AAB0100608B53 /* 主播 */ = {
			isa = PBXGroup;
			children = (
				566D99A61C9AAE9500608B53 /* vc */,
				566D99AF1C9AAEF600608B53 /* v */,
			);
			name = "主播";
			sourceTree = "<group>";
		};
		566D99A61C9AAE9500608B53 /* vc */ = {
			isa = PBXGroup;
			children = (
				566D999C1C9AABB800608B53 /* YWLiveViewController.h */,
				566D999D1C9AABB800608B53 /* YWLiveViewController.m */,
			);
			name = vc;
			sourceTree = "<group>";
		};
		566D99A71C9AAEA500608B53 /* vc */ = {
			isa = PBXGroup;
			children = (
				566D999F1C9AABEB00608B53 /* YWExpandViewController.h */,
				566D99A01C9AABEB00608B53 /* YWExpandViewController.m */,
				566C15D51C9CD6E500A63930 /* YWVedioViewController.h */,
				566C15D61C9CD6E500A63930 /* YWVedioViewController.m */,
			);
			name = vc;
			sourceTree = "<group>";
		};
		566D99A81C9AAEAB00608B53 /* vc */ = {
			isa = PBXGroup;
			children = (
				566D99A21C9AABF900608B53 /* YWMineViewController.h */,
				566D99A31C9AABF900608B53 /* YWMineViewController.m */,
			);
			name = vc;
			sourceTree = "<group>";
		};
		566D99A91C9AAEC800608B53 /* 优播 */ = {
			isa = PBXGroup;
			children = (
				566D99AD1C9AAEE500608B53 /* vc */,
				566D99AE1C9AAEEE00608B53 /* v */,
			);
			name = "优播";
			sourceTree = "<group>";
		};
		566D99AD1C9AAEE500608B53 /* vc */ = {
			isa = PBXGroup;
			children = (
				566D99AA1C9AAEE000608B53 /* YWHomeViewController.h */,
				566D99AB1C9AAEE000608B53 /* YWHomeViewController.m */,
				56A5079F1C9BF104009FC294 /* YWMovieListViewController.h */,
				56A507A01C9BF104009FC294 /* YWMovieListViewController.m */,
			);
			name = vc;
			sourceTree = "<group>";
		};
		566D99AE1C9AAEEE00608B53 /* v */ = {
			isa = PBXGroup;
			children = (
				56A507901C9BDD82009FC294 /* YWFirstTableViewCell.h */,
				56A507911C9BDD82009FC294 /* YWFirstTableViewCell.m */,
				56A507931C9BDD8D009FC294 /* YWSecondTableViewCell.h */,
				56A507941C9BDD8D009FC294 /* YWSecondTableViewCell.m */,
				56A5079C1C9BDDB5009FC294 /* YWFiveTableViewCell.h */,
				56A5079D1C9BDDB5009FC294 /* YWFiveTableViewCell.m */,
				56A507A21C9BF184009FC294 /* YWMovieListTableViewCell.h */,
				56A507A31C9BF184009FC294 /* YWMovieListTableViewCell.m */,
			);
			name = v;
			sourceTree = "<group>";
		};
		566D99AF1C9AAEF600608B53 /* v */ = {
			isa = PBXGroup;
			children = (
				56A507661C9B7A0E009FC294 /* YWLiveCollectionViewCell.h */,
				56A507671C9B7A0E009FC294 /* YWLiveCollectionViewCell.m */,
			);
			name = v;
			sourceTree = "<group>";
		};
		566D99B01C9AAEFD00608B53 /* v */ = {
			isa = PBXGroup;
			children = (
				56A507631C9B79A4009FC294 /* YWExpandCollectionViewCell.h */,
				56A507641C9B79A4009FC294 /* YWExpandCollectionViewCell.m */,
			);
			name = v;
			sourceTree = "<group>";
		};
		566D99B11C9AAF0400608B53 /* v */ = {
			isa = PBXGroup;
			children = (
			);
			name = v;
			sourceTree = "<group>";
		};
		566D99B21C9AAF0C00608B53 /* v */ = {
			isa = PBXGroup;
			children = (
				56A507691C9B7A61009FC294 /* YWMoreTableViewCell.h */,
				56A5076A1C9B7A61009FC294 /* YWMoreTableViewCell.m */,
			);
			name = v;
			sourceTree = "<group>";
		};
		566D99B31C9AAF1100608B53 /* vc */ = {
			isa = PBXGroup;
			children = (
				56A507601C9B7827009FC294 /* YWMoreViewController.h */,
				56A507611C9B7827009FC294 /* YWMoreViewController.m */,
			);
			name = vc;
			sourceTree = "<group>";
		};
		566D99B41C9AAF5600608B53 /* super */ = {
			isa = PBXGroup;
			children = (
				566D99961C9AAB5D00608B53 /* YWBaseViewController.h */,
				566D99971C9AAB5D00608B53 /* YWBaseViewController.m */,
				566D99B51C9AAF7C00608B53 /* YWCollectionViewCell.h */,
				566D99B61C9AAF7C00608B53 /* YWCollectionViewCell.m */,
				566C15D81C9CE05E00A63930 /* YWNavViewController.h */,
				566C15D91C9CE05E00A63930 /* YWNavViewController.m */,
			);
			name = super;
			sourceTree = "<group>";
		};
		566D99B81C9AB15E00608B53 /* common */ = {
			isa = PBXGroup;
			children = (
				56A5076C1C9B7E64009FC294 /* model */,
				566D99B91C9AB17C00608B53 /* YWBuyMemberView.h */,
				566D99BA1C9AB17C00608B53 /* YWBuyMemberView.m */,
			);
			name = common;
			sourceTree = "<group>";
		};
		56A5076C1C9B7E64009FC294 /* model */ = {
			isa = PBXGroup;
			children = (
				566C15DE1C9D3CC400A63930 /* YWMoviePlayView.h */,
				566C15DF1C9D3CC400A63930 /* YWMoviePlayView.m */,
				56A5076D1C9B7E74009FC294 /* YWMovieModel.h */,
				56A5076E1C9B7E74009FC294 /* YWMovieModel.m */,
				56A507701C9B7E80009FC294 /* YWPictureModel.h */,
				56A507711C9B7E80009FC294 /* YWPictureModel.m */,
				56A507731C9B7E8F009FC294 /* YWUserModel.h */,
				56A507741C9B7E8F009FC294 /* YWUserModel.m */,
				56A507761C9B7F55009FC294 /* YWLoadDataSource.h */,
				56A507771C9B7F55009FC294 /* YWLoadDataSource.m */,
				56A507791C9B8181009FC294 /* YWMoveCategory.h */,
				56A5077A1C9B8181009FC294 /* YWMoveCategory.m */,
				566C15DB1C9D0C2600A63930 /* YWMoreModel.h */,
				566C15DC1C9D0C2600A63930 /* YWMoreModel.m */,
			);
			name = model;
			sourceTree = "<group>";
		};
		77AD6E701C9C68F700D12520 /* 主播 */ = {
			isa = PBXGroup;
			children = (
				77AD6E711C9C68F700D12520 /* 主播IMG_2453.PNG */,
				77AD6E721C9C68F700D12520 /* 主播IMG_2454.PNG */,
				77AD6E731C9C68F700D12520 /* 主播IMG_2456.PNG */,
				77AD6E741C9C68F700D12520 /* 主播IMG_2457.PNG */,
				77AD6E751C9C68F700D12520 /* 主播IMG_2458.PNG */,
				77AD6E761C9C68F700D12520 /* 主播IMG_2459.PNG */,
				77AD6E771C9C68F700D12520 /* 主播IMG_2460.PNG */,
				77AD6E781C9C68F700D12520 /* 主播IMG_2461.PNG */,
				77AD6E791C9C68F700D12520 /* 主播IMG_2462.PNG */,
				77AD6E7A1C9C68F700D12520 /* 主播IMG_2463.PNG */,
				77AD6E7B1C9C68F700D12520 /* 主播IMG_2464.PNG */,
				77AD6E7C1C9C68F700D12520 /* 主播IMG_2465.PNG */,
				77AD6E7D1C9C68F700D12520 /* 主播IMG_2466.PNG */,
				77AD6E7E1C9C68F700D12520 /* 主播IMG_2467.PNG */,
				77AD6E7F1C9C68F700D12520 /* 主播IMG_2469.PNG */,
				77AD6E801C9C68F700D12520 /* 主播IMG_2470.PNG */,
				77AD6E811C9C68F700D12520 /* 主播IMG_2471.PNG */,
				77AD6E821C9C68F700D12520 /* 主播IMG_2472.PNG */,
				77AD6E831C9C68F700D12520 /* 主播IMG_2473.PNG */,
				77AD6E841C9C68F700D12520 /* 主播IMG_2474.PNG */,
				77AD6E851C9C68F700D12520 /* 主播IMG_2475.PNG */,
				77AD6E861C9C68F700D12520 /* 主播IMG_2476.PNG */,
				77AD6E871C9C68F700D12520 /* 主播IMG_2477.PNG */,
				77AD6E881C9C68F700D12520 /* 主播IMG_2478.PNG */,
				77AD6E891C9C68F700D12520 /* 主播IMG_2479.PNG */,
				77AD6E8A1C9C68F700D12520 /* 主播IMG_2480.PNG */,
				77AD6E8B1C9C68F700D12520 /* 主播IMG_2481.PNG */,
				77AD6E8C1C9C68F700D12520 /* 主播IMG_2482.PNG */,
				77AD6E8D1C9C68F700D12520 /* 主播IMG_2483.PNG */,
				77AD6E8E1C9C68F700D12520 /* 主播IMG_2484.PNG */,
			);
			path = "主播";
			sourceTree = "<group>";
		};
		EA50E6EB8D98D178C4CD9FC7 /* Pods */ = {
			isa = PBXGroup;
			children = (
				AB3BFBC63EF4996A89A4D5E3 /* Pods.debug.xcconfig */,
				CD74AF5347F895A7D2E32BFF /* Pods.release.xcconfig */,
			);
			name = Pods;
			sourceTree = "<group>";
		};
/* End PBXGroup section */

/* Begin PBXNativeTarget section */
		566D995A1C9AAADD00608B53 /* AcuraCinema */ = {
			isa = PBXNativeTarget;
			buildConfigurationList = 566D99881C9AAADD00608B53 /* Build configuration list for PBXNativeTarget "AcuraCinema" */;
			buildPhases = (
				E7D994012A5AB22E50BC534A /* Check Pods Manifest.lock */,
				566D99571C9AAADD00608B53 /* Sources */,
				566D99581C9AAADD00608B53 /* Frameworks */,
				566D99591C9AAADD00608B53 /* Resources */,
				ADA7700548B250DC6151587C /* Embed Pods Frameworks */,
				F6A914AB6DA8CC0648439E34 /* Copy Pods Resources */,
			);
			buildRules = (
			);
			dependencies = (
			);
			name = AcuraCinema;
			productName = AcuraCinema;
			productReference = 566D995B1C9AAADD00608B53 /* AcuraCinema.app */;
			productType = "com.apple.product-type.application";
		};
		566D99731C9AAADD00608B53 /* AcuraCinemaTests */ = {
			isa = PBXNativeTarget;
			buildConfigurationList = 566D998B1C9AAADD00608B53 /* Build configuration list for PBXNativeTarget "AcuraCinemaTests" */;
			buildPhases = (
				566D99701C9AAADD00608B53 /* Sources */,
				566D99711C9AAADD00608B53 /* Frameworks */,
				566D99721C9AAADD00608B53 /* Resources */,
			);
			buildRules = (
			);
			dependencies = (
				566D99761C9AAADD00608B53 /* PBXTargetDependency */,
			);
			name = AcuraCinemaTests;
			productName = AcuraCinemaTests;
			productReference = 566D99741C9AAADD00608B53 /* AcuraCinemaTests.xctest */;
			productType = "com.apple.product-type.bundle.unit-test";
		};
		566D997E1C9AAADD00608B53 /* AcuraCinemaUITests */ = {
			isa = PBXNativeTarget;
			buildConfigurationList = 566D998E1C9AAADD00608B53 /* Build configuration list for PBXNativeTarget "AcuraCinemaUITests" */;
			buildPhases = (
				566D997B1C9AAADD00608B53 /* Sources */,
				566D997C1C9AAADD00608B53 /* Frameworks */,
				566D997D1C9AAADD00608B53 /* Resources */,
			);
			buildRules = (
			);
			dependencies = (
				566D99811C9AAADD00608B53 /* PBXTargetDependency */,
			);
			name = AcuraCinemaUITests;
			productName = AcuraCinemaUITests;
			productReference = 566D997F1C9AAADD00608B53 /* AcuraCinemaUITests.xctest */;
			productType = "com.apple.product-type.bundle.ui-testing";
		};
/* End PBXNativeTarget section */

/* Begin PBXProject section */
		566D99531C9AAADD00608B53 /* Project object */ = {
			isa = PBXProject;
			attributes = {
				LastUpgradeCheck = 0720;
				ORGANIZATIONNAME = yanwei;
				TargetAttributes = {
					566D995A1C9AAADD00608B53 = {
						CreatedOnToolsVersion = 7.2;
					};
					566D99731C9AAADD00608B53 = {
						CreatedOnToolsVersion = 7.2;
						TestTargetID = 566D995A1C9AAADD00608B53;
					};
					566D997E1C9AAADD00608B53 = {
						CreatedOnToolsVersion = 7.2;
						TestTargetID = 566D995A1C9AAADD00608B53;
					};
				};
			};
			buildConfigurationList = 566D99561C9AAADD00608B53 /* Build configuration list for PBXProject "AcuraCinema" */;
			compatibilityVersion = "Xcode 3.2";
			developmentRegion = English;
			hasScannedForEncodings = 0;
			knownRegions = (
				en,
				Base,
			);
			mainGroup = 566D99521C9AAADD00608B53;
			productRefGroup = 566D995C1C9AAADD00608B53 /* Products */;
			projectDirPath = "";
			projectRoot = "";
			targets = (
				566D995A1C9AAADD00608B53 /* AcuraCinema */,
				566D99731C9AAADD00608B53 /* AcuraCinemaTests */,
				566D997E1C9AAADD00608B53 /* AcuraCinemaUITests */,
			);
		};
/* End PBXProject section */

/* Begin PBXResourcesBuildPhase section */
		566D99591C9AAADD00608B53 /* Resources */ = {
			isa = PBXResourcesBuildPhase;
			buildActionMask = 2147483647;
			files = (
				77AD6EA01C9C68F700D12520 /* 主播IMG_2472.PNG in Resources */,
				77AD6E9F1C9C68F700D12520 /* 主播IMG_2471.PNG in Resources */,
				77AD6EAB1C9C68F700D12520 /* 主播IMG_2483.PNG in Resources */,
				77AD6EA91C9C68F700D12520 /* 主播IMG_2481.PNG in Resources */,
				77AD6EA11C9C68F700D12520 /* 主播IMG_2473.PNG in Resources */,
				77AD6E931C9C68F700D12520 /* 主播IMG_2458.PNG in Resources */,
				56A5077F1C9B91F5009FC294 /* index01.html in Resources */,
				77AD6E961C9C68F700D12520 /* 主播IMG_2461.PNG in Resources */,
				77AD6EA21C9C68F700D12520 /* 主播IMG_2474.PNG in Resources */,
				77AD6E951C9C68F700D12520 /* 主播IMG_2460.PNG in Resources */,
				566D996E1C9AAADD00608B53 /* LaunchScreen.storyboard in Resources */,
				77AD6EAE1C9C691200D12520 /* video.mp4 in Resources */,
				77AD6E941C9C68F700D12520 /* 主播IMG_2459.PNG in Resources */,
				77AD6E9A1C9C68F700D12520 /* 主播IMG_2465.PNG in Resources */,
				77AD6EA71C9C68F700D12520 /* 主播IMG_2479.PNG in Resources */,
				566D996B1C9AAADD00608B53 /* Assets.xcassets in Resources */,
				77AD6EA41C9C68F700D12520 /* 主播IMG_2476.PNG in Resources */,
				77AD6E9C1C9C68F700D12520 /* 主播IMG_2467.PNG in Resources */,
				77AD6EA61C9C68F700D12520 /* 主播IMG_2478.PNG in Resources */,
				77AD6E9B1C9C68F700D12520 /* 主播IMG_2466.PNG in Resources */,
				77AD6E8F1C9C68F700D12520 /* 主播IMG_2453.PNG in Resources */,
				77AD6E9D1C9C68F700D12520 /* 主播IMG_2469.PNG in Resources */,
				77AD6E991C9C68F700D12520 /* 主播IMG_2464.PNG in Resources */,
				77AD6EAA1C9C68F700D12520 /* 主播IMG_2482.PNG in Resources */,
				77AD6EA51C9C68F700D12520 /* 主播IMG_2477.PNG in Resources */,
				77AD6E901C9C68F700D12520 /* 主播IMG_2454.PNG in Resources */,
				566D99691C9AAADD00608B53 /* Main.storyboard in Resources */,
				77AD6EA81C9C68F700D12520 /* 主播IMG_2480.PNG in Resources */,
				77AD6E971C9C68F700D12520 /* 主播IMG_2462.PNG in Resources */,
				77AD6E911C9C68F700D12520 /* 主播IMG_2456.PNG in Resources */,
				77AD6E981C9C68F700D12520 /* 主播IMG_2463.PNG in Resources */,
				77AD6E9E1C9C68F700D12520 /* 主播IMG_2470.PNG in Resources */,
				77AD6EAC1C9C68F700D12520 /* 主播IMG_2484.PNG in Resources */,
				77AD6EA31C9C68F700D12520 /* 主播IMG_2475.PNG in Resources */,
				77AD6E921C9C68F700D12520 /* 主播IMG_2457.PNG in Resources */,
			);
			runOnlyForDeploymentPostprocessing = 0;
		};
		566D99721C9AAADD00608B53 /* Resources */ = {
			isa = PBXResourcesBuildPhase;
			buildActionMask = 2147483647;
			files = (
			);
			runOnlyForDeploymentPostprocessing = 0;
		};
		566D997D1C9AAADD00608B53 /* Resources */ = {
			isa = PBXResourcesBuildPhase;
			buildActionMask = 2147483647;
			files = (
			);
			runOnlyForDeploymentPostprocessing = 0;
		};
/* End PBXResourcesBuildPhase section */

/* Begin PBXShellScriptBuildPhase section */
		ADA7700548B250DC6151587C /* Embed Pods Frameworks */ = {
			isa = PBXShellScriptBuildPhase;
			buildActionMask = 2147483647;
			files = (
			);
			inputPaths = (
			);
			name = "Embed Pods Frameworks";
			outputPaths = (
			);
			runOnlyForDeploymentPostprocessing = 0;
			shellPath = /bin/sh;
			shellScript = "\"${SRCROOT}/Pods/Target Support Files/Pods/Pods-frameworks.sh\"\n";
			showEnvVarsInLog = 0;
		};
		E7D994012A5AB22E50BC534A /* Check Pods Manifest.lock */ = {
			isa = PBXShellScriptBuildPhase;
			buildActionMask = 2147483647;
			files = (
			);
			inputPaths = (
			);
			name = "Check Pods Manifest.lock";
			outputPaths = (
			);
			runOnlyForDeploymentPostprocessing = 0;
			shellPath = /bin/sh;
			shellScript = "diff \"${PODS_ROOT}/../Podfile.lock\" \"${PODS_ROOT}/Manifest.lock\" > /dev/null\nif [[ $? != 0 ]] ; then\n    cat << EOM\nerror: The sandbox is not in sync with the Podfile.lock. Run 'pod install' or update your CocoaPods installation.\nEOM\n    exit 1\nfi\n";
			showEnvVarsInLog = 0;
		};
		F6A914AB6DA8CC0648439E34 /* Copy Pods Resources */ = {
			isa = PBXShellScriptBuildPhase;
			buildActionMask = 2147483647;
			files = (
			);
			inputPaths = (
			);
			name = "Copy Pods Resources";
			outputPaths = (
			);
			runOnlyForDeploymentPostprocessing = 0;
			shellPath = /bin/sh;
			shellScript = "\"${SRCROOT}/Pods/Target Support Files/Pods/Pods-resources.sh\"\n";
			showEnvVarsInLog = 0;
		};
/* End PBXShellScriptBuildPhase section */

/* Begin PBXSourcesBuildPhase section */
		566D99571C9AAADD00608B53 /* Sources */ = {
			isa = PBXSourcesBuildPhase;
			buildActionMask = 2147483647;
			files = (
				56A507921C9BDD82009FC294 /* YWFirstTableViewCell.m in Sources */,
				56A5077B1C9B8181009FC294 /* YWMoveCategory.m in Sources */,
				56A507A41C9BF184009FC294 /* YWMovieListTableViewCell.m in Sources */,
				566D999E1C9AABB800608B53 /* YWLiveViewController.m in Sources */,
				56A507651C9B79A4009FC294 /* YWExpandCollectionViewCell.m in Sources */,
				56A5076F1C9B7E74009FC294 /* YWMovieModel.m in Sources */,
				566D99AC1C9AAEE000608B53 /* YWHomeViewController.m in Sources */,
				566D99B71C9AAF7C00608B53 /* YWCollectionViewCell.m in Sources */,
				56A507681C9B7A0E009FC294 /* YWLiveCollectionViewCell.m in Sources */,
				56A507A11C9BF104009FC294 /* YWMovieListViewController.m in Sources */,
				566C15DD1C9D0C2600A63930 /* YWMoreModel.m in Sources */,
				566D99A41C9AABF900608B53 /* YWMineViewController.m in Sources */,
				56A5076B1C9B7A61009FC294 /* YWMoreTableViewCell.m in Sources */,
				566C15E01C9D3CC400A63930 /* YWMoviePlayView.m in Sources */,
				56A507781C9B7F55009FC294 /* YWLoadDataSource.m in Sources */,
				56A507751C9B7E8F009FC294 /* YWUserModel.m in Sources */,
				566D99631C9AAADD00608B53 /* AppDelegate.m in Sources */,
				56A507951C9BDD8D009FC294 /* YWSecondTableViewCell.m in Sources */,
				566C15D71C9CD6E500A63930 /* YWVedioViewController.m in Sources */,
				56A507621C9B7827009FC294 /* YWMoreViewController.m in Sources */,
				566D99601C9AAADD00608B53 /* main.m in Sources */,
				56A5079E1C9BDDB5009FC294 /* YWFiveTableViewCell.m in Sources */,
				566D99BB1C9AB17C00608B53 /* YWBuyMemberView.m in Sources */,
				566C15DA1C9CE05E00A63930 /* YWNavViewController.m in Sources */,
				566D99A11C9AABEB00608B53 /* YWExpandViewController.m in Sources */,
				566D99981C9AAB5D00608B53 /* YWBaseViewController.m in Sources */,
				566C15E31C9D4CC900A63930 /* YWLauchViewController.m in Sources */,
				56A507721C9B7E80009FC294 /* YWPictureModel.m in Sources */,
			);
			runOnlyForDeploymentPostprocessing = 0;
		};
		566D99701C9AAADD00608B53 /* Sources */ = {
			isa = PBXSourcesBuildPhase;
			buildActionMask = 2147483647;
			files = (
				566D99791C9AAADD00608B53 /* AcuraCinemaTests.m in Sources */,
			);
			runOnlyForDeploymentPostprocessing = 0;
		};
		566D997B1C9AAADD00608B53 /* Sources */ = {
			isa = PBXSourcesBuildPhase;
			buildActionMask = 2147483647;
			files = (
				566D99841C9AAADD00608B53 /* AcuraCinemaUITests.m in Sources */,
			);
			runOnlyForDeploymentPostprocessing = 0;
		};
/* End PBXSourcesBuildPhase section */

/* Begin PBXTargetDependency section */
		566D99761C9AAADD00608B53 /* PBXTargetDependency */ = {
			isa = PBXTargetDependency;
			target = 566D995A1C9AAADD00608B53 /* AcuraCinema */;
			targetProxy = 566D99751C9AAADD00608B53 /* PBXContainerItemProxy */;
		};
		566D99811C9AAADD00608B53 /* PBXTargetDependency */ = {
			isa = PBXTargetDependency;
			target = 566D995A1C9AAADD00608B53 /* AcuraCinema */;
			targetProxy = 566D99801C9AAADD00608B53 /* PBXContainerItemProxy */;
		};
/* End PBXTargetDependency section */

/* Begin PBXVariantGroup section */
		566D99671C9AAADD00608B53 /* Main.storyboard */ = {
			isa = PBXVariantGroup;
			children = (
				566D99681C9AAADD00608B53 /* Base */,
			);
			name = Main.storyboard;
			sourceTree = "<group>";
		};
		566D996C1C9AAADD00608B53 /* LaunchScreen.storyboard */ = {
			isa = PBXVariantGroup;
			children = (
				566D996D1C9AAADD00608B53 /* Base */,
			);
			name = LaunchScreen.storyboard;
			sourceTree = "<group>";
		};
/* End PBXVariantGroup section */

/* Begin XCBuildConfiguration section */
		566D99861C9AAADD00608B53 /* Debug */ = {
			isa = XCBuildConfiguration;
			buildSettings = {
				ALWAYS_SEARCH_USER_PATHS = NO;
				CLANG_CXX_LANGUAGE_STANDARD = "gnu++0x";
				CLANG_CXX_LIBRARY = "libc++";
				CLANG_ENABLE_MODULES = YES;
				CLANG_ENABLE_OBJC_ARC = YES;
				CLANG_WARN_BOOL_CONVERSION = YES;
				CLANG_WARN_CONSTANT_CONVERSION = YES;
				CLANG_WARN_DIRECT_OBJC_ISA_USAGE = YES_ERROR;
				CLANG_WARN_EMPTY_BODY = YES;
				CLANG_WARN_ENUM_CONVERSION = YES;
				CLANG_WARN_INT_CONVERSION = YES;
				CLANG_WARN_OBJC_ROOT_CLASS = YES_ERROR;
				CLANG_WARN_UNREACHABLE_CODE = YES;
				CLANG_WARN__DUPLICATE_METHOD_MATCH = YES;
				"CODE_SIGN_IDENTITY[sdk=iphoneos*]" = "iPhone Developer";
				COPY_PHASE_STRIP = NO;
				DEBUG_INFORMATION_FORMAT = dwarf;
				ENABLE_STRICT_OBJC_MSGSEND = YES;
				ENABLE_TESTABILITY = YES;
				GCC_C_LANGUAGE_STANDARD = gnu99;
				GCC_DYNAMIC_NO_PIC = NO;
				GCC_NO_COMMON_BLOCKS = YES;
				GCC_OPTIMIZATION_LEVEL = 0;
				GCC_PREPROCESSOR_DEFINITIONS = (
					"DEBUG=1",
					"$(inherited)",
				);
				GCC_WARN_64_TO_32_BIT_CONVERSION = YES;
				GCC_WARN_ABOUT_RETURN_TYPE = YES_ERROR;
				GCC_WARN_UNDECLARED_SELECTOR = YES;
				GCC_WARN_UNINITIALIZED_AUTOS = YES_AGGRESSIVE;
				GCC_WARN_UNUSED_FUNCTION = YES;
				GCC_WARN_UNUSED_VARIABLE = YES;
				IPHONEOS_DEPLOYMENT_TARGET = 9.2;
				MTL_ENABLE_DEBUG_INFO = YES;
				ONLY_ACTIVE_ARCH = YES;
				SDKROOT = iphoneos;
			};
			name = Debug;
		};
		566D99871C9AAADD00608B53 /* Release */ = {
			isa = XCBuildConfiguration;
			buildSettings = {
				ALWAYS_SEARCH_USER_PATHS = NO;
				CLANG_CXX_LANGUAGE_STANDARD = "gnu++0x";
				CLANG_CXX_LIBRARY = "libc++";
				CLANG_ENABLE_MODULES = YES;
				CLANG_ENABLE_OBJC_ARC = YES;
				CLANG_WARN_BOOL_CONVERSION = YES;
				CLANG_WARN_CONSTANT_CONVERSION = YES;
				CLANG_WARN_DIRECT_OBJC_ISA_USAGE = YES_ERROR;
				CLANG_WARN_EMPTY_BODY = YES;
				CLANG_WARN_ENUM_CONVERSION = YES;
				CLANG_WARN_INT_CONVERSION = YES;
				CLANG_WARN_OBJC_ROOT_CLASS = YES_ERROR;
				CLANG_WARN_UNREACHABLE_CODE = YES;
				CLANG_WARN__DUPLICATE_METHOD_MATCH = YES;
				"CODE_SIGN_IDENTITY[sdk=iphoneos*]" = "iPhone Developer";
				COPY_PHASE_STRIP = NO;
				DEBUG_INFORMATION_FORMAT = "dwarf-with-dsym";
				ENABLE_NS_ASSERTIONS = NO;
				ENABLE_STRICT_OBJC_MSGSEND = YES;
				GCC_C_LANGUAGE_STANDARD = gnu99;
				GCC_NO_COMMON_BLOCKS = YES;
				GCC_WARN_64_TO_32_BIT_CONVERSION = YES;
				GCC_WARN_ABOUT_RETURN_TYPE = YES_ERROR;
				GCC_WARN_UNDECLARED_SELECTOR = YES;
				GCC_WARN_UNINITIALIZED_AUTOS = YES_AGGRESSIVE;
				GCC_WARN_UNUSED_FUNCTION = YES;
				GCC_WARN_UNUSED_VARIABLE = YES;
				IPHONEOS_DEPLOYMENT_TARGET = 9.2;
				MTL_ENABLE_DEBUG_INFO = NO;
				SDKROOT = iphoneos;
				VALIDATE_PRODUCT = YES;
			};
			name = Release;
		};
		566D99891C9AAADD00608B53 /* Debug */ = {
			isa = XCBuildConfiguration;
			baseConfigurationReference = AB3BFBC63EF4996A89A4D5E3 /* Pods.debug.xcconfig */;
			buildSettings = {
				ASSETCATALOG_COMPILER_APPICON_NAME = AppIcon;
				GCC_PREFIX_HEADER = "$(SRCROOT)/AcuraCinema/PrefixHeader.pch";
				INFOPLIST_FILE = AcuraCinema/Info.plist;
				LD_RUNPATH_SEARCH_PATHS = "$(inherited) @executable_path/Frameworks";
				PRODUCT_BUNDLE_IDENTIFIER = com.qunongzhuang.AcuraCinema;
				PRODUCT_NAME = "$(TARGET_NAME)";
			};
			name = Debug;
		};
		566D998A1C9AAADD00608B53 /* Release */ = {
			isa = XCBuildConfiguration;
			baseConfigurationReference = CD74AF5347F895A7D2E32BFF /* Pods.release.xcconfig */;
			buildSettings = {
				ASSETCATALOG_COMPILER_APPICON_NAME = AppIcon;
				GCC_PREFIX_HEADER = "$(SRCROOT)/AcuraCinema/PrefixHeader.pch";
				INFOPLIST_FILE = AcuraCinema/Info.plist;
				LD_RUNPATH_SEARCH_PATHS = "$(inherited) @executable_path/Frameworks";
				PRODUCT_BUNDLE_IDENTIFIER = com.qunongzhuang.AcuraCinema;
				PRODUCT_NAME = "$(TARGET_NAME)";
			};
			name = Release;
		};
		566D998C1C9AAADD00608B53 /* Debug */ = {
			isa = XCBuildConfiguration;
			buildSettings = {
				BUNDLE_LOADER = "$(TEST_HOST)";
				INFOPLIST_FILE = AcuraCinemaTests/Info.plist;
				LD_RUNPATH_SEARCH_PATHS = "$(inherited) @executable_path/Frameworks @loader_path/Frameworks";
				PRODUCT_BUNDLE_IDENTIFIER = com.qunongzhuang.AcuraCinemaTests;
				PRODUCT_NAME = "$(TARGET_NAME)";
				TEST_HOST = "$(BUILT_PRODUCTS_DIR)/AcuraCinema.app/AcuraCinema";
			};
			name = Debug;
		};
		566D998D1C9AAADD00608B53 /* Release */ = {
			isa = XCBuildConfiguration;
			buildSettings = {
				BUNDLE_LOADER = "$(TEST_HOST)";
				INFOPLIST_FILE = AcuraCinemaTests/Info.plist;
				LD_RUNPATH_SEARCH_PATHS = "$(inherited) @executable_path/Frameworks @loader_path/Frameworks";
				PRODUCT_BUNDLE_IDENTIFIER = com.qunongzhuang.AcuraCinemaTests;
				PRODUCT_NAME = "$(TARGET_NAME)";
				TEST_HOST = "$(BUILT_PRODUCTS_DIR)/AcuraCinema.app/AcuraCinema";
			};
			name = Release;
		};
		566D998F1C9AAADD00608B53 /* Debug */ = {
			isa = XCBuildConfiguration;
			buildSettings = {
				INFOPLIST_FILE = AcuraCinemaUITests/Info.plist;
				LD_RUNPATH_SEARCH_PATHS = "$(inherited) @executable_path/Frameworks @loader_path/Frameworks";
				PRODUCT_BUNDLE_IDENTIFIER = com.qunongzhuang.AcuraCinemaUITests;
				PRODUCT_NAME = "$(TARGET_NAME)";
				TEST_TARGET_NAME = AcuraCinema;
				USES_XCTRUNNER = YES;
			};
			name = Debug;
		};
		566D99901C9AAADD00608B53 /* Release */ = {
			isa = XCBuildConfiguration;
			buildSettings = {
				INFOPLIST_FILE = AcuraCinemaUITests/Info.plist;
				LD_RUNPATH_SEARCH_PATHS = "$(inherited) @executable_path/Frameworks @loader_path/Frameworks";
				PRODUCT_BUNDLE_IDENTIFIER = com.qunongzhuang.AcuraCinemaUITests;
				PRODUCT_NAME = "$(TARGET_NAME)";
				TEST_TARGET_NAME = AcuraCinema;
				USES_XCTRUNNER = YES;
			};
			name = Release;
		};
/* End XCBuildConfiguration section */

/* Begin XCConfigurationList section */
		566D99561C9AAADD00608B53 /* Build configuration list for PBXProject "AcuraCinema" */ = {
			isa = XCConfigurationList;
			buildConfigurations = (
				566D99861C9AAADD00608B53 /* Debug */,
				566D99871C9AAADD00608B53 /* Release */,
			);
			defaultConfigurationIsVisible = 0;
			defaultConfigurationName = Release;
		};
		566D99881C9AAADD00608B53 /* Build configuration list for PBXNativeTarget "AcuraCinema" */ = {
			isa = XCConfigurationList;
			buildConfigurations = (
				566D99891C9AAADD00608B53 /* Debug */,
				566D998A1C9AAADD00608B53 /* Release */,
			);
			defaultConfigurationIsVisible = 0;
			defaultConfigurationName = Release;
		};
		566D998B1C9AAADD00608B53 /* Build configuration list for PBXNativeTarget "AcuraCinemaTests" */ = {
			isa = XCConfigurationList;
			buildConfigurations = (
				566D998C1C9AAADD00608B53 /* Debug */,
				566D998D1C9AAADD00608B53 /* Release */,
			);
			defaultConfigurationIsVisible = 0;
			defaultConfigurationName = Release;
		};
		566D998E1C9AAADD00608B53 /* Build configuration list for PBXNativeTarget "AcuraCinemaUITests" */ = {
			isa = XCConfigurationList;
			buildConfigurations = (
				566D998F1C9AAADD00608B53 /* Debug */,
				566D99901C9AAADD00608B53 /* Release */,
			);
			defaultConfigurationIsVisible = 0;
			defaultConfigurationName = Release;
		};
/* End XCConfigurationList section */
	};
	rootObject = 566D99531C9AAADD00608B53 /* Project object */;
}
